
Microsoft Visual Studio Solution File, Format Version 12.00
# Visual Studio Version 17
VisualStudioVersion = 17.1.32228.430
MinimumVisualStudioVersion = 10.0.40219.1
Project("{9A19103F-16F7-4668-BE54-9A1E7A4F7556}") = "Refund.API", "Reembolso\Refund.API.csproj", "{5800066B-0293-4334-91F5-3828D93D4BF6}"
EndProject
Project("{2150E333-8FDC-42A3-9474-1A3956D46DE8}") = "src", "src", "{8D2B6AC8-439A-480B-ABEA-D417C0B6195E}"
EndProject
Project("{2150E333-8FDC-42A3-9474-1A3956D46DE8}") = "tests", "tests", "{5BFF4D61-68D9-4147-A0CF-E8E97C5FED5C}"
EndProject
Project("{9A19103F-16F7-4668-BE54-9A1E7A4F7556}") = "Refunds.Core", "Refund.Core\Refunds.Core.csproj", "{D37F2BF9-B9DD-4D4B-92BF-7CDD498D2C94}"
EndProject
Project("{9A19103F-16F7-4668-BE54-9A1E7A4F7556}") = "Refunds.Infrastructure", "Refund.Infrastructure\Refunds.Infrastructure.csproj", "{35C93AEE-151E-4152-BE75-DFE0F9EDBCA8}"
EndProject
Project("{9A19103F-16F7-4668-BE54-9A1E7A4F7556}") = "Refunds.Application", "Refunds.Application\Refunds.Application.csproj", "{83D1449E-F1AC-49E7-BAD5-3AF622C5F549}"
EndProject
Global
	GlobalSection(SolutionConfigurationPlatforms) = preSolution
		Debug|Any CPU = Debug|Any CPU
		Release|Any CPU = Release|Any CPU
	EndGlobalSection
	GlobalSection(ProjectConfigurationPlatforms) = postSolution
		{5800066B-0293-4334-91F5-3828D93D4BF6}.Debug|Any CPU.ActiveCfg = Debug|Any CPU
		{5800066B-0293-4334-91F5-3828D93D4BF6}.Debug|Any CPU.Build.0 = Debug|Any CPU
		{5800066B-0293-4334-91F5-3828D93D4BF6}.Release|Any CPU.ActiveCfg = Release|Any CPU
		{5800066B-0293-4334-91F5-3828D93D4BF6}.Release|Any CPU.Build.0 = Release|Any CPU
		{D37F2BF9-B9DD-4D4B-92BF-7CDD498D2C94}.Debug|Any CPU.ActiveCfg = Debug|Any CPU
		{D37F2BF9-B9DD-4D4B-92BF-7CDD498D2C94}.Debug|Any CPU.Build.0 = Debug|Any CPU
		{D37F2BF9-B9DD-4D4B-92BF-7CDD498D2C94}.Release|Any CPU.ActiveCfg = Release|Any CPU
		{D37F2BF9-B9DD-4D4B-92BF-7CDD498D2C94}.Release|Any CPU.Build.0 = Release|Any CPU
		{35C93AEE-151E-4152-BE75-DFE0F9EDBCA8}.Debug|Any CPU.ActiveCfg = Debug|Any CPU
		{35C93AEE-151E-4152-BE75-DFE0F9EDBCA8}.Debug|Any CPU.Build.0 = Debug|Any CPU
		{35C93AEE-151E-4152-BE75-DFE0F9EDBCA8}.Release|Any CPU.ActiveCfg = Release|Any CPU
		{35C93AEE-151E-4152-BE75-DFE0F9EDBCA8}.Release|Any CPU.Build.0 = Release|Any CPU
		{83D1449E-F1AC-49E7-BAD5-3AF622C5F549}.Debug|Any CPU.ActiveCfg = Debug|Any CPU
		{83D1449E-F1AC-49E7-BAD5-3AF622C5F549}.Debug|Any CPU.Build.0 = Debug|Any CPU
		{83D1449E-F1AC-49E7-BAD5-3AF622C5F549}.Release|Any CPU.ActiveCfg = Release|Any CPU
		{83D1449E-F1AC-49E7-BAD5-3AF622C5F549}.Release|Any CPU.Build.0 = Release|Any CPU
	EndGlobalSection
	GlobalSection(SolutionProperties) = preSolution
		HideSolutionNode = FALSE
	EndGlobalSection
	GlobalSection(NestedProjects) = preSolution
		{5800066B-0293-4334-91F5-3828D93D4BF6} = {8D2B6AC8-439A-480B-ABEA-D417C0B6195E}
		{D37F2BF9-B9DD-4D4B-92BF-7CDD498D2C94} = {8D2B6AC8-439A-480B-ABEA-D417C0B6195E}
		{35C93AEE-151E-4152-BE75-DFE0F9EDBCA8} = {8D2B6AC8-439A-480B-ABEA-D417C0B6195E}
		{83D1449E-F1AC-49E7-BAD5-3AF622C5F549} = {8D2B6AC8-439A-480B-ABEA-D417C0B6195E}
	EndGlobalSection
	GlobalSection(ExtensibilityGlobals) = postSolution
		SolutionGuid = {46EF17EE-A4A3-4265-86F3-FB0725EE5543}
	EndGlobalSection
EndGlobal
